{
  "originHash" : "fd009491609af128b1b6b869d51b952922c718df944aee90bffb2f266eb000f7",
  "pins" : [
    {
      "identity" : "csl-cs710s",
      "kind" : "remoteSourceControl",
      "location" : "https://github.com/cslrfid/CSL-CS710S",
      "state" : {
        "revision" : "82dbc44e5d68edb96317118117f11b8c2500a27b",
        "version" : "1.14.0"
      }
    }
  ],
  "version" : 3
}
